
Microsoft Visual Studio Solution File, Format Version 12.00
# Visual Studio Version 17
VisualStudioVersion = 17.14.36414.22 d17.14
MinimumVisualStudioVersion = 10.0.40219.1
Project("{FAE04EC0-301F-11D3-BF4B-00C04F79EFBC}") = "PropertiesManager", "PropertiesManager\PropertiesManager.csproj", "{CFB340D8-4386-4475-B32D-9D93CDF15857}"
EndProject
Project("{FAE04EC0-301F-11D3-BF4B-00C04F79EFBC}") = "PropertiesManagerTests", "PropertiesManagerTests\PropertiesManagerTests.csproj", "{B199BF11-DFE7-4252-A0D7-D26982654C7E}"
EndProject
Global
	GlobalSection(SolutionConfigurationPlatforms) = preSolution
		Debug|Any CPU = Debug|Any CPU
		Release|Any CPU = Release|Any CPU
	EndGlobalSection
	GlobalSection(ProjectConfigurationPlatforms) = postSolution
		{CFB340D8-4386-4475-B32D-9D93CDF15857}.Debug|Any CPU.ActiveCfg = Debug|Any CPU
		{CFB340D8-4386-4475-B32D-9D93CDF15857}.Debug|Any CPU.Build.0 = Debug|Any CPU
		{CFB340D8-4386-4475-B32D-9D93CDF15857}.Release|Any CPU.ActiveCfg = Release|Any CPU
		{CFB340D8-4386-4475-B32D-9D93CDF15857}.Release|Any CPU.Build.0 = Release|Any CPU
		{B199BF11-DFE7-4252-A0D7-D26982654C7E}.Debug|Any CPU.ActiveCfg = Debug|Any CPU
		{B199BF11-DFE7-4252-A0D7-D26982654C7E}.Debug|Any CPU.Build.0 = Debug|Any CPU
		{B199BF11-DFE7-4252-A0D7-D26982654C7E}.Release|Any CPU.ActiveCfg = Release|Any CPU
		{B199BF11-DFE7-4252-A0D7-D26982654C7E}.Release|Any CPU.Build.0 = Release|Any CPU
	EndGlobalSection
	GlobalSection(SolutionProperties) = preSolution
		HideSolutionNode = FALSE
	EndGlobalSection
	GlobalSection(ExtensibilityGlobals) = postSolution
		SolutionGuid = {C96C73B9-E154-4A40-A99C-BAAD1D0DEC5B}
	EndGlobalSection
EndGlobal
